
Microsoft Visual Studio Solution File, Format Version 12.00
# Visual Studio Version 17
VisualStudioVersion = 17.8.34525.116
MinimumVisualStudioVersion = 10.0.40219.1
Project("{9A19103F-16F7-4668-BE54-9A1E7A4F7556}") = "Workaround", "Workaround\Workaround.csproj", "{3D7DA64C-7ED4-4ABE-9984-7050F623EB05}"
EndProject
Project("{9A19103F-16F7-4668-BE54-9A1E7A4F7556}") = "Entities", "Entities\Entities.csproj", "{95FEB3BF-9112-449D-8F33-EC58611B9B8A}"
EndProject
Project("{FAE04EC0-301F-11D3-BF4B-00C04F79EFBC}") = "Business", "Business\Business.csproj", "{9B2D06B2-A43D-46FB-B413-B8C0F3F52EF4}"
EndProject
Global
	GlobalSection(SolutionConfigurationPlatforms) = preSolution
		Debug|Any CPU = Debug|Any CPU
		Release|Any CPU = Release|Any CPU
	EndGlobalSection
	GlobalSection(ProjectConfigurationPlatforms) = postSolution
		{3D7DA64C-7ED4-4ABE-9984-7050F623EB05}.Debug|Any CPU.ActiveCfg = Debug|Any CPU
		{3D7DA64C-7ED4-4ABE-9984-7050F623EB05}.Debug|Any CPU.Build.0 = Debug|Any CPU
		{3D7DA64C-7ED4-4ABE-9984-7050F623EB05}.Release|Any CPU.ActiveCfg = Release|Any CPU
		{3D7DA64C-7ED4-4ABE-9984-7050F623EB05}.Release|Any CPU.Build.0 = Release|Any CPU
		{95FEB3BF-9112-449D-8F33-EC58611B9B8A}.Debug|Any CPU.ActiveCfg = Debug|Any CPU
		{95FEB3BF-9112-449D-8F33-EC58611B9B8A}.Debug|Any CPU.Build.0 = Debug|Any CPU
		{95FEB3BF-9112-449D-8F33-EC58611B9B8A}.Release|Any CPU.ActiveCfg = Release|Any CPU
		{95FEB3BF-9112-449D-8F33-EC58611B9B8A}.Release|Any CPU.Build.0 = Release|Any CPU
		{9B2D06B2-A43D-46FB-B413-B8C0F3F52EF4}.Debug|Any CPU.ActiveCfg = Debug|Any CPU
		{9B2D06B2-A43D-46FB-B413-B8C0F3F52EF4}.Debug|Any CPU.Build.0 = Debug|Any CPU
		{9B2D06B2-A43D-46FB-B413-B8C0F3F52EF4}.Release|Any CPU.ActiveCfg = Release|Any CPU
		{9B2D06B2-A43D-46FB-B413-B8C0F3F52EF4}.Release|Any CPU.Build.0 = Release|Any CPU
	EndGlobalSection
	GlobalSection(SolutionProperties) = preSolution
		HideSolutionNode = FALSE
	EndGlobalSection
	GlobalSection(ExtensibilityGlobals) = postSolution
		SolutionGuid = {4C7DCAC7-DCE2-406B-A393-C8D7CD815BB3}
	EndGlobalSection
EndGlobal
